
Microsoft Visual Studio Solution File, Format Version 9.00
# Visual Studio 2005
Project("{8BC9CEB8-8B4A-11D0-8D11-00A0C91BC942}") = "ATI2N_Compress", "ATI2N_Compress.2005.vcproj", "{4DE95E01-9DF9-454E-9684-54F52C5E1A18}"
EndProject
Global
	GlobalSection(SolutionConfigurationPlatforms) = preSolution
		Debug|Win32 = Debug|Win32
		DLL|Win32 = DLL|Win32
		MT_DLL|Win32 = MT_DLL|Win32
		MT|Win32 = MT|Win32
		Release|Win32 = Release|Win32
	EndGlobalSection
	GlobalSection(ProjectConfigurationPlatforms) = postSolution
		{4DE95E01-9DF9-454E-9684-54F52C5E1A18}.Debug|Win32.ActiveCfg = Debug|Win32
		{4DE95E01-9DF9-454E-9684-54F52C5E1A18}.Debug|Win32.Build.0 = Debug|Win32
		{4DE95E01-9DF9-454E-9684-54F52C5E1A18}.DLL|Win32.ActiveCfg = DLL|Win32
		{4DE95E01-9DF9-454E-9684-54F52C5E1A18}.DLL|Win32.Build.0 = DLL|Win32
		{4DE95E01-9DF9-454E-9684-54F52C5E1A18}.MT_DLL|Win32.ActiveCfg = MT_DLL|Win32
		{4DE95E01-9DF9-454E-9684-54F52C5E1A18}.MT_DLL|Win32.Build.0 = MT_DLL|Win32
		{4DE95E01-9DF9-454E-9684-54F52C5E1A18}.MT|Win32.ActiveCfg = MT|Win32
		{4DE95E01-9DF9-454E-9684-54F52C5E1A18}.MT|Win32.Build.0 = MT|Win32
		{4DE95E01-9DF9-454E-9684-54F52C5E1A18}.Release|Win32.ActiveCfg = Release|Win32
		{4DE95E01-9DF9-454E-9684-54F52C5E1A18}.Release|Win32.Build.0 = Release|Win32
	EndGlobalSection
	GlobalSection(SolutionProperties) = preSolution
		HideSolutionNode = FALSE
	EndGlobalSection
EndGlobal
