
Microsoft Visual Studio Solution File, Format Version 10.00
# Visual Studio 2008
Project("{8BC9CEB8-8B4A-11D0-8D11-00A0C91BC942}") = "example", "example.vcproj", "{92593932-6D72-4E4E-91AD-9D86E2BA721D}"
	ProjectSection(ProjectDependencies) = postProject
		{F3AE606C-383B-4D56-AC31-CBE56FBE0FAB} = {F3AE606C-383B-4D56-AC31-CBE56FBE0FAB}
	EndProjectSection
EndProject
Project("{8BC9CEB8-8B4A-11D0-8D11-00A0C91BC942}") = "minigzip", "minigzip.vcproj", "{FCE297DA-B8F9-4B1F-AEFB-5D7CB2381897}"
	ProjectSection(ProjectDependencies) = postProject
		{F3AE606C-383B-4D56-AC31-CBE56FBE0FAB} = {F3AE606C-383B-4D56-AC31-CBE56FBE0FAB}
	EndProjectSection
EndProject
Project("{8BC9CEB8-8B4A-11D0-8D11-00A0C91BC942}") = "zlib", "zlib.vcproj", "{F3AE606C-383B-4D56-AC31-CBE56FBE0FAB}"
EndProject
Global
	GlobalSection(SolutionConfigurationPlatforms) = preSolution
		DLL ASM Debug|Win32 = DLL ASM Debug|Win32
		DLL ASM Release|Win32 = DLL ASM Release|Win32
		DLL Debug|Win32 = DLL Debug|Win32
		DLL Release|Win32 = DLL Release|Win32
		LIB ASM Debug|Win32 = LIB ASM Debug|Win32
		LIB ASM Release|Win32 = LIB ASM Release|Win32
		LIB Debug|Win32 = LIB Debug|Win32
		LIB Release|Win32 = LIB Release|Win32
	EndGlobalSection
	GlobalSection(ProjectConfigurationPlatforms) = postSolution
		{92593932-6D72-4E4E-91AD-9D86E2BA721D}.DLL ASM Debug|Win32.ActiveCfg = DLL ASM Debug|Win32
		{92593932-6D72-4E4E-91AD-9D86E2BA721D}.DLL ASM Debug|Win32.Build.0 = DLL ASM Debug|Win32
		{92593932-6D72-4E4E-91AD-9D86E2BA721D}.DLL ASM Release|Win32.ActiveCfg = DLL ASM Release|Win32
		{92593932-6D72-4E4E-91AD-9D86E2BA721D}.DLL ASM Release|Win32.Build.0 = DLL ASM Release|Win32
		{92593932-6D72-4E4E-91AD-9D86E2BA721D}.DLL Debug|Win32.ActiveCfg = DLL Debug|Win32
		{92593932-6D72-4E4E-91AD-9D86E2BA721D}.DLL Debug|Win32.Build.0 = DLL Debug|Win32
		{92593932-6D72-4E4E-91AD-9D86E2BA721D}.DLL Release|Win32.ActiveCfg = DLL Release|Win32
		{92593932-6D72-4E4E-91AD-9D86E2BA721D}.DLL Release|Win32.Build.0 = DLL Release|Win32
		{92593932-6D72-4E4E-91AD-9D86E2BA721D}.LIB ASM Debug|Win32.ActiveCfg = LIB ASM Debug|Win32
		{92593932-6D72-4E4E-91AD-9D86E2BA721D}.LIB ASM Debug|Win32.Build.0 = LIB ASM Debug|Win32
		{92593932-6D72-4E4E-91AD-9D86E2BA721D}.LIB ASM Release|Win32.ActiveCfg = LIB ASM Release|Win32
		{92593932-6D72-4E4E-91AD-9D86E2BA721D}.LIB ASM Release|Win32.Build.0 = LIB ASM Release|Win32
		{92593932-6D72-4E4E-91AD-9D86E2BA721D}.LIB Debug|Win32.ActiveCfg = LIB Debug|Win32
		{92593932-6D72-4E4E-91AD-9D86E2BA721D}.LIB Debug|Win32.Build.0 = LIB Debug|Win32
		{92593932-6D72-4E4E-91AD-9D86E2BA721D}.LIB Release|Win32.ActiveCfg = LIB Release|Win32
		{92593932-6D72-4E4E-91AD-9D86E2BA721D}.LIB Release|Win32.Build.0 = LIB Release|Win32
		{FCE297DA-B8F9-4B1F-AEFB-5D7CB2381897}.DLL ASM Debug|Win32.ActiveCfg = DLL ASM Debug|Win32
		{FCE297DA-B8F9-4B1F-AEFB-5D7CB2381897}.DLL ASM Debug|Win32.Build.0 = DLL ASM Debug|Win32
		{FCE297DA-B8F9-4B1F-AEFB-5D7CB2381897}.DLL ASM Release|Win32.ActiveCfg = DLL ASM Release|Win32
		{FCE297DA-B8F9-4B1F-AEFB-5D7CB2381897}.DLL ASM Release|Win32.Build.0 = DLL ASM Release|Win32
		{FCE297DA-B8F9-4B1F-AEFB-5D7CB2381897}.DLL Debug|Win32.ActiveCfg = DLL Debug|Win32
		{FCE297DA-B8F9-4B1F-AEFB-5D7CB2381897}.DLL Debug|Win32.Build.0 = DLL Debug|Win32
		{FCE297DA-B8F9-4B1F-AEFB-5D7CB2381897}.DLL Release|Win32.ActiveCfg = DLL Release|Win32
		{FCE297DA-B8F9-4B1F-AEFB-5D7CB2381897}.DLL Release|Win32.Build.0 = DLL Release|Win32
		{FCE297DA-B8F9-4B1F-AEFB-5D7CB2381897}.LIB ASM Debug|Win32.ActiveCfg = LIB ASM Debug|Win32
		{FCE297DA-B8F9-4B1F-AEFB-5D7CB2381897}.LIB ASM Debug|Win32.Build.0 = LIB ASM Debug|Win32
		{FCE297DA-B8F9-4B1F-AEFB-5D7CB2381897}.LIB ASM Release|Win32.ActiveCfg = LIB ASM Release|Win32
		{FCE297DA-B8F9-4B1F-AEFB-5D7CB2381897}.LIB ASM Release|Win32.Build.0 = LIB ASM Release|Win32
		{FCE297DA-B8F9-4B1F-AEFB-5D7CB2381897}.LIB Debug|Win32.ActiveCfg = LIB Debug|Win32
		{FCE297DA-B8F9-4B1F-AEFB-5D7CB2381897}.LIB Debug|Win32.Build.0 = LIB Debug|Win32
		{FCE297DA-B8F9-4B1F-AEFB-5D7CB2381897}.LIB Release|Win32.ActiveCfg = LIB Release|Win32
		{FCE297DA-B8F9-4B1F-AEFB-5D7CB2381897}.LIB Release|Win32.Build.0 = LIB Release|Win32
		{F3AE606C-383B-4D56-AC31-CBE56FBE0FAB}.DLL ASM Debug|Win32.ActiveCfg = DLL ASM Debug|Win32
		{F3AE606C-383B-4D56-AC31-CBE56FBE0FAB}.DLL ASM Debug|Win32.Build.0 = DLL ASM Debug|Win32
		{F3AE606C-383B-4D56-AC31-CBE56FBE0FAB}.DLL ASM Release|Win32.ActiveCfg = DLL ASM Release|Win32
		{F3AE606C-383B-4D56-AC31-CBE56FBE0FAB}.DLL ASM Release|Win32.Build.0 = DLL ASM Release|Win32
		{F3AE606C-383B-4D56-AC31-CBE56FBE0FAB}.DLL Debug|Win32.ActiveCfg = DLL Debug|Win32
		{F3AE606C-383B-4D56-AC31-CBE56FBE0FAB}.DLL Debug|Win32.Build.0 = DLL Debug|Win32
		{F3AE606C-383B-4D56-AC31-CBE56FBE0FAB}.DLL Release|Win32.ActiveCfg = DLL Release|Win32
		{F3AE606C-383B-4D56-AC31-CBE56FBE0FAB}.DLL Release|Win32.Build.0 = DLL Release|Win32
		{F3AE606C-383B-4D56-AC31-CBE56FBE0FAB}.LIB ASM Debug|Win32.ActiveCfg = LIB ASM Debug|Win32
		{F3AE606C-383B-4D56-AC31-CBE56FBE0FAB}.LIB ASM Debug|Win32.Build.0 = LIB ASM Debug|Win32
		{F3AE606C-383B-4D56-AC31-CBE56FBE0FAB}.LIB ASM Release|Win32.ActiveCfg = LIB ASM Release|Win32
		{F3AE606C-383B-4D56-AC31-CBE56FBE0FAB}.LIB ASM Release|Win32.Build.0 = LIB ASM Release|Win32
		{F3AE606C-383B-4D56-AC31-CBE56FBE0FAB}.LIB Debug|Win32.ActiveCfg = LIB Debug|Win32
		{F3AE606C-383B-4D56-AC31-CBE56FBE0FAB}.LIB Debug|Win32.Build.0 = LIB Debug|Win32
		{F3AE606C-383B-4D56-AC31-CBE56FBE0FAB}.LIB Release|Win32.ActiveCfg = LIB Release|Win32
		{F3AE606C-383B-4D56-AC31-CBE56FBE0FAB}.LIB Release|Win32.Build.0 = LIB Release|Win32
	EndGlobalSection
	GlobalSection(SolutionProperties) = preSolution
		HideSolutionNode = FALSE
	EndGlobalSection
EndGlobal
