
Microsoft Visual Studio Solution File, Format Version 10.00
# Visual C++ Express 2008
Project("{8BC9CEB8-8B4A-11D0-8D11-00A0C91BC942}") = "DataCollectServer", "DataCollectServer.vcproj", "{C31BDE9C-F60C-47EC-8B6C-04258B1A5780}"
EndProject
Global
	GlobalSection(SolutionConfigurationPlatforms) = preSolution
		Debug|Win32 = Debug|Win32
		Release|Win32 = Release|Win32
	EndGlobalSection
	GlobalSection(ProjectConfigurationPlatforms) = postSolution
		{C31BDE9C-F60C-47EC-8B6C-04258B1A5780}.Debug|Win32.ActiveCfg = Debug|Win32
		{C31BDE9C-F60C-47EC-8B6C-04258B1A5780}.Debug|Win32.Build.0 = Debug|Win32
		{C31BDE9C-F60C-47EC-8B6C-04258B1A5780}.Release|Win32.ActiveCfg = Release|Win32
		{C31BDE9C-F60C-47EC-8B6C-04258B1A5780}.Release|Win32.Build.0 = Release|Win32
	EndGlobalSection
	GlobalSection(SolutionProperties) = preSolution
		HideSolutionNode = FALSE
	EndGlobalSection
EndGlobal
