
Microsoft Visual Studio Solution File, Format Version 10.00
# Visual C++ Express 2008
Project("{8BC9CEB8-8B4A-11D0-8D11-00A0C91BC942}") = "ModelLibrary", "ModelLibrary.vcproj", "{5E25852D-3137-461C-B42D-897CC556A8B0}"
EndProject
Project("{8BC9CEB8-8B4A-11D0-8D11-00A0C91BC942}") = "Test_Model", "Test_Model\Test_Model.vcproj", "{74103580-E633-4A56-88CB-03B50119C166}"
	ProjectSection(ProjectDependencies) = postProject
		{5E25852D-3137-461C-B42D-897CC556A8B0} = {5E25852D-3137-461C-B42D-897CC556A8B0}
	EndProjectSection
EndProject
Global
	GlobalSection(SolutionConfigurationPlatforms) = preSolution
		Debug|Win32 = Debug|Win32
		Release|Win32 = Release|Win32
	EndGlobalSection
	GlobalSection(ProjectConfigurationPlatforms) = postSolution
		{5E25852D-3137-461C-B42D-897CC556A8B0}.Debug|Win32.ActiveCfg = Debug|Win32
		{5E25852D-3137-461C-B42D-897CC556A8B0}.Debug|Win32.Build.0 = Debug|Win32
		{5E25852D-3137-461C-B42D-897CC556A8B0}.Release|Win32.ActiveCfg = Release|Win32
		{5E25852D-3137-461C-B42D-897CC556A8B0}.Release|Win32.Build.0 = Release|Win32
		{74103580-E633-4A56-88CB-03B50119C166}.Debug|Win32.ActiveCfg = Debug|Win32
		{74103580-E633-4A56-88CB-03B50119C166}.Debug|Win32.Build.0 = Debug|Win32
		{74103580-E633-4A56-88CB-03B50119C166}.Release|Win32.ActiveCfg = Release|Win32
		{74103580-E633-4A56-88CB-03B50119C166}.Release|Win32.Build.0 = Release|Win32
	EndGlobalSection
	GlobalSection(SolutionProperties) = preSolution
		HideSolutionNode = FALSE
	EndGlobalSection
EndGlobal
