
Microsoft Visual Studio Solution File, Format Version 10.00
# Visual C++ Express 2008
Project("{8BC9CEB8-8B4A-11D0-8D11-00A0C91BC942}") = "crblib", "crblib.vcproj", "{FA978C54-5F9F-4364-BBF2-C94E432BC593}"
EndProject
Global
	GlobalSection(SolutionConfigurationPlatforms) = preSolution
		Debug|Win32 = Debug|Win32
		Release|Win32 = Release|Win32
	EndGlobalSection
	GlobalSection(ProjectConfigurationPlatforms) = postSolution
		{FA978C54-5F9F-4364-BBF2-C94E432BC593}.Debug|Win32.ActiveCfg = Debug|Win32
		{FA978C54-5F9F-4364-BBF2-C94E432BC593}.Debug|Win32.Build.0 = Debug|Win32
		{FA978C54-5F9F-4364-BBF2-C94E432BC593}.Release|Win32.ActiveCfg = Release|Win32
		{FA978C54-5F9F-4364-BBF2-C94E432BC593}.Release|Win32.Build.0 = Release|Win32
	EndGlobalSection
	GlobalSection(SolutionProperties) = preSolution
		HideSolutionNode = FALSE
	EndGlobalSection
EndGlobal
